
Microsoft Visual Studio Solution File, Format Version 12.00
# Visual Studio Version 17
VisualStudioVersion = 17.14.36717.8 d17.14
MinimumVisualStudioVersion = 10.0.40219.1
Project("{FAE04EC0-301F-11D3-BF4B-00C04F79EFBC}") = "meme", "meme\meme.csproj", "{26C6BAE8-D95C-4FA6-B4AC-D46549C18FEE}"
EndProject
Global
	GlobalSection(SolutionConfigurationPlatforms) = preSolution
		Debug|Any CPU = Debug|Any CPU
		Release|Any CPU = Release|Any CPU
	EndGlobalSection
	GlobalSection(ProjectConfigurationPlatforms) = postSolution
		{26C6BAE8-D95C-4FA6-B4AC-D46549C18FEE}.Debug|Any CPU.ActiveCfg = Debug|Any CPU
		{26C6BAE8-D95C-4FA6-B4AC-D46549C18FEE}.Debug|Any CPU.Build.0 = Debug|Any CPU
		{26C6BAE8-D95C-4FA6-B4AC-D46549C18FEE}.Release|Any CPU.ActiveCfg = Release|Any CPU
		{26C6BAE8-D95C-4FA6-B4AC-D46549C18FEE}.Release|Any CPU.Build.0 = Release|Any CPU
	EndGlobalSection
	GlobalSection(SolutionProperties) = preSolution
		HideSolutionNode = FALSE
	EndGlobalSection
	GlobalSection(ExtensibilityGlobals) = postSolution
		SolutionGuid = {6C5CA844-B5EB-4A1C-8413-E1191D466AD5}
	EndGlobalSection
EndGlobal
